// !$*UTF8*$!
{
	archiveVersion = 1;
	classes = {
	};
	objectVersion = 56;
	objects = {

/* Begin PBXBuildFile section */
		6C86A7182C57AF6800532DDF /* AppDelegate.swift in Sources */ = {isa = PBXBuildFile; fileRef = 6C86A7172C57AF6800532DDF /* AppDelegate.swift */; };
		6C86A71A2C57AF6800532DDF /* SceneDelegate.swift in Sources */ = {isa = PBXBuildFile; fileRef = 6C86A7192C57AF6800532DDF /* SceneDelegate.swift */; };
		6C86A71C2C57AF6800532DDF /* ListViewController.swift in Sources */ = {isa = PBXBuildFile; fileRef = 6C86A71B2C57AF6800532DDF /* ListViewController.swift */; };
		6C86A71F2C57AF6800532DDF /* Base in Resources */ = {isa = PBXBuildFile; fileRef = 6C86A71E2C57AF6800532DDF /* Base */; };
		6C86A7212C57AF6B00532DDF /* Assets.xcassets in Resources */ = {isa = PBXBuildFile; fileRef = 6C86A7202C57AF6B00532DDF /* Assets.xcassets */; };
		6C86A7242C57AF6B00532DDF /* Base in Resources */ = {isa = PBXBuildFile; fileRef = 6C86A7232C57AF6B00532DDF /* Base */; };
		6C86A72F2C57B0FF00532DDF /* Horoscope.swift in Sources */ = {isa = PBXBuildFile; fileRef = 6C86A72E2C57B0FF00532DDF /* Horoscope.swift */; };
		6C86A7312C57B11C00532DDF /* HoroscopeProvider.swift in Sources */ = {isa = PBXBuildFile; fileRef = 6C86A7302C57B11C00532DDF /* HoroscopeProvider.swift */; };
		6CB20A5A2C58CED1002F761F /* TableViewCell.swift in Sources */ = {isa = PBXBuildFile; fileRef = 6CB20A592C58CED1002F761F /* TableViewCell.swift */; };
/* End PBXBuildFile section */

/* Begin PBXFileReference section */
		6C86A7142C57AF6800532DDF /* Horoscope-iOS.app */ = {isa = PBXFileReference; explicitFileType = wrapper.application; includeInIndex = 0; path = "Horoscope-iOS.app"; sourceTree = BUILT_PRODUCTS_DIR; };
		6C86A7172C57AF6800532DDF /* AppDelegate.swift */ = {isa = PBXFileReference; lastKnownFileType = sourcecode.swift; path = AppDelegate.swift; sourceTree = "<group>"; };
		6C86A7192C57AF6800532DDF /* SceneDelegate.swift */ = {isa = PBXFileReference; lastKnownFileType = sourcecode.swift; path = SceneDelegate.swift; sourceTree = "<group>"; };
		6C86A71B2C57AF6800532DDF /* ListViewController.swift */ = {isa = PBXFileReference; lastKnownFileType = sourcecode.swift; path = ListViewController.swift; sourceTree = "<group>"; };
		6C86A71E2C57AF6800532DDF /* Base */ = {isa = PBXFileReference; lastKnownFileType = file.storyboard; name = Base; path = Base.lproj/Main.storyboard; sourceTree = "<group>"; };
		6C86A7202C57AF6B00532DDF /* Assets.xcassets */ = {isa = PBXFileReference; lastKnownFileType = folder.assetcatalog; path = Assets.xcassets; sourceTree = "<group>"; };
		6C86A7232C57AF6B00532DDF /* Base */ = {isa = PBXFileReference; lastKnownFileType = file.storyboard; name = Base; path = Base.lproj/LaunchScreen.storyboard; sourceTree = "<group>"; };
		6C86A7252C57AF6B00532DDF /* Info.plist */ = {isa = PBXFileReference; lastKnownFileType = text.plist.xml; path = Info.plist; sourceTree = "<group>"; };
		6C86A72E2C57B0FF00532DDF /* Horoscope.swift */ = {isa = PBXFileReference; lastKnownFileType = sourcecode.swift; path = Horoscope.swift; sourceTree = "<group>"; };
		6C86A7302C57B11C00532DDF /* HoroscopeProvider.swift */ = {isa = PBXFileReference; lastKnownFileType = sourcecode.swift; path = HoroscopeProvider.swift; sourceTree = "<group>"; };
		6CB20A592C58CED1002F761F /* TableViewCell.swift */ = {isa = PBXFileReference; lastKnownFileType = sourcecode.swift; path = TableViewCell.swift; sourceTree = "<group>"; };
/* End PBXFileReference section */

/* Begin PBXFrameworksBuildPhase section */
		6C86A7112C57AF6800532DDF /* Frameworks */ = {
			isa = PBXFrameworksBuildPhase;
			buildActionMask = 2147483647;
			files = (
			);
			runOnlyForDeploymentPostprocessing = 0;
		};
/* End PBXFrameworksBuildPhase section */

/* Begin PBXGroup section */
		6C86A70B2C57AF6800532DDF = {
			isa = PBXGroup;
			children = (
				6C86A7162C57AF6800532DDF /* Horoscope-iOS */,
				6C86A7152C57AF6800532DDF /* Products */,
			);
			sourceTree = "<group>";
		};
		6C86A7152C57AF6800532DDF /* Products */ = {
			isa = PBXGroup;
			children = (
				6C86A7142C57AF6800532DDF /* Horoscope-iOS.app */,
			);
			name = Products;
			sourceTree = "<group>";
		};
		6C86A7162C57AF6800532DDF /* Horoscope-iOS */ = {
			isa = PBXGroup;
			children = (
				6C86A72D2C57B0CD00532DDF /* View */,
				6C86A72C2C57B0C300532DDF /* Data */,
				6C86A72B2C57B05B00532DDF /* ViewControllers */,
				6C86A7172C57AF6800532DDF /* AppDelegate.swift */,
				6C86A7192C57AF6800532DDF /* SceneDelegate.swift */,
				6C86A71D2C57AF6800532DDF /* Main.storyboard */,
				6C86A7202C57AF6B00532DDF /* Assets.xcassets */,
				6C86A7222C57AF6B00532DDF /* LaunchScreen.storyboard */,
				6C86A7252C57AF6B00532DDF /* Info.plist */,
			);
			path = "Horoscope-iOS";
			sourceTree = "<group>";
		};
		6C86A72B2C57B05B00532DDF /* ViewControllers */ = {
			isa = PBXGroup;
			children = (
				6C86A71B2C57AF6800532DDF /* ListViewController.swift */,
			);
			path = ViewControllers;
			sourceTree = "<group>";
		};
		6C86A72C2C57B0C300532DDF /* Data */ = {
			isa = PBXGroup;
			children = (
				6C86A72E2C57B0FF00532DDF /* Horoscope.swift */,
				6C86A7302C57B11C00532DDF /* HoroscopeProvider.swift */,
			);
			path = Data;
			sourceTree = "<group>";
		};
		6C86A72D2C57B0CD00532DDF /* View */ = {
			isa = PBXGroup;
			children = (
				6CB20A592C58CED1002F761F /* TableViewCell.swift */,
			);
			path = View;
			sourceTree = "<group>";
		};
/* End PBXGroup section */

/* Begin PBXNativeTarget section */
		6C86A7132C57AF6800532DDF /* Horoscope-iOS */ = {
			isa = PBXNativeTarget;
			buildConfigurationList = 6C86A7282C57AF6B00532DDF /* Build configuration list for PBXNativeTarget "Horoscope-iOS" */;
			buildPhases = (
				6C86A7102C57AF6800532DDF /* Sources */,
				6C86A7112C57AF6800532DDF /* Frameworks */,
				6C86A7122C57AF6800532DDF /* Resources */,
			);
			buildRules = (
			);
			dependencies = (
			);
			name = "Horoscope-iOS";
			productName = "Horoscope-iOS";
			productReference = 6C86A7142C57AF6800532DDF /* Horoscope-iOS.app */;
			productType = "com.apple.product-type.application";
		};
/* End PBXNativeTarget section */

/* Begin PBXProject section */
		6C86A70C2C57AF6800532DDF /* Project object */ = {
			isa = PBXProject;
			attributes = {
				BuildIndependentTargetsInParallel = 1;
				LastSwiftUpdateCheck = 1540;
				LastUpgradeCheck = 1540;
				TargetAttributes = {
					6C86A7132C57AF6800532DDF = {
						CreatedOnToolsVersion = 15.4;
					};
				};
			};
			buildConfigurationList = 6C86A70F2C57AF6800532DDF /* Build configuration list for PBXProject "Horoscope-iOS" */;
			compatibilityVersion = "Xcode 14.0";
			developmentRegion = en;
			hasScannedForEncodings = 0;
			knownRegions = (
				en,
				Base,
			);
			mainGroup = 6C86A70B2C57AF6800532DDF;
			productRefGroup = 6C86A7152C57AF6800532DDF /* Products */;
			projectDirPath = "";
			projectRoot = "";
			targets = (
				6C86A7132C57AF6800532DDF /* Horoscope-iOS */,
			);
		};
/* End PBXProject section */

/* Begin PBXResourcesBuildPhase section */
		6C86A7122C57AF6800532DDF /* Resources */ = {
			isa = PBXResourcesBuildPhase;
			buildActionMask = 2147483647;
			files = (
				6C86A7212C57AF6B00532DDF /* Assets.xcassets in Resources */,
				6C86A7242C57AF6B00532DDF /* Base in Resources */,
				6C86A71F2C57AF6800532DDF /* Base in Resources */,
			);
			runOnlyForDeploymentPostprocessing = 0;
		};
/* End PBXResourcesBuildPhase section */

/* Begin PBXSourcesBuildPhase section */
		6C86A7102C57AF6800532DDF /* Sources */ = {
			isa = PBXSourcesBuildPhase;
			buildActionMask = 2147483647;
			files = (
				6C86A72F2C57B0FF00532DDF /* Horoscope.swift in Sources */,
				6C86A71C2C57AF6800532DDF /* ListViewController.swift in Sources */,
				6C86A7182C57AF6800532DDF /* AppDelegate.swift in Sources */,
				6CB20A5A2C58CED1002F761F /* TableViewCell.swift in Sources */,
				6C86A71A2C57AF6800532DDF /* SceneDelegate.swift in Sources */,
				6C86A7312C57B11C00532DDF /* HoroscopeProvider.swift in Sources */,
			);
			runOnlyForDeploymentPostprocessing = 0;
		};
/* End PBXSourcesBuildPhase section */

/* Begin PBXVariantGroup section */
		6C86A71D2C57AF6800532DDF /* Main.storyboard */ = {
			isa = PBXVariantGroup;
			children = (
				6C86A71E2C57AF6800532DDF /* Base */,
			);
			name = Main.storyboard;
			sourceTree = "<group>";
		};
		6C86A7222C57AF6B00532DDF /* LaunchScreen.storyboard */ = {
			isa = PBXVariantGroup;
			children = (
				6C86A7232C57AF6B00532DDF /* Base */,
			);
			name = LaunchScreen.storyboard;
			sourceTree = "<group>";
		};
/* End PBXVariantGroup section */

/* Begin XCBuildConfiguration section */
		6C86A7262C57AF6B00532DDF /* Debug */ = {
			isa = XCBuildConfiguration;
			buildSettings = {
				ALWAYS_SEARCH_USER_PATHS = NO;
				ASSETCATALOG_COMPILER_GENERATE_SWIFT_ASSET_SYMBOL_EXTENSIONS = YES;
				CLANG_ANALYZER_NONNULL = YES;
				CLANG_ANALYZER_NUMBER_OBJECT_CONVERSION = YES_AGGRESSIVE;
				CLANG_CXX_LANGUAGE_STANDARD = "gnu++20";
				CLANG_ENABLE_MODULES = YES;
				CLANG_ENABLE_OBJC_ARC = YES;
				CLANG_ENABLE_OBJC_WEAK = YES;
				CLANG_WARN_BLOCK_CAPTURE_AUTORELEASING = YES;
				CLANG_WARN_BOOL_CONVERSION = YES;
				CLANG_WARN_COMMA = YES;
				CLANG_WARN_CONSTANT_CONVERSION = YES;
				CLANG_WARN_DEPRECATED_OBJC_IMPLEMENTATIONS = YES;
				CLANG_WARN_DIRECT_OBJC_ISA_USAGE = YES_ERROR;
				CLANG_WARN_DOCUMENTATION_COMMENTS = YES;
				CLANG_WARN_EMPTY_BODY = YES;
				CLANG_WARN_ENUM_CONVERSION = YES;
				CLANG_WARN_INFINITE_RECURSION = YES;
				CLANG_WARN_INT_CONVERSION = YES;
				CLANG_WARN_NON_LITERAL_NULL_CONVERSION = YES;
				CLANG_WARN_OBJC_IMPLICIT_RETAIN_SELF = YES;
				CLANG_WARN_OBJC_LITERAL_CONVERSION = YES;
				CLANG_WARN_OBJC_ROOT_CLASS = YES_ERROR;
				CLANG_WARN_QUOTED_INCLUDE_IN_FRAMEWORK_HEADER = YES;
				CLANG_WARN_RANGE_LOOP_ANALYSIS = YES;
				CLANG_WARN_STRICT_PROTOTYPES = YES;
				CLANG_WARN_SUSPICIOUS_MOVE = YES;
				CLANG_WARN_UNGUARDED_AVAILABILITY = YES_AGGRESSIVE;
				CLANG_WARN_UNREACHABLE_CODE = YES;
				CLANG_WARN__DUPLICATE_METHOD_MATCH = YES;
				COPY_PHASE_STRIP = NO;
				DEBUG_INFORMATION_FORMAT = dwarf;
				ENABLE_STRICT_OBJC_MSGSEND = YES;
				ENABLE_TESTABILITY = YES;
				ENABLE_USER_SCRIPT_SANDBOXING = YES;
				GCC_C_LANGUAGE_STANDARD = gnu17;
				GCC_DYNAMIC_NO_PIC = NO;
				GCC_NO_COMMON_BLOCKS = YES;
				GCC_OPTIMIZATION_LEVEL = 0;
				GCC_PREPROCESSOR_DEFINITIONS = (
					"DEBUG=1",
					"$(inherited)",
				);
				GCC_WARN_64_TO_32_BIT_CONVERSION = YES;
				GCC_WARN_ABOUT_RETURN_TYPE = YES_ERROR;
				GCC_WARN_UNDECLARED_SELECTOR = YES;
				GCC_WARN_UNINITIALIZED_AUTOS = YES_AGGRESSIVE;
				GCC_WARN_UNUSED_FUNCTION = YES;
				GCC_WARN_UNUSED_VARIABLE = YES;
				IPHONEOS_DEPLOYMENT_TARGET = 17.5;
				LOCALIZATION_PREFERS_STRING_CATALOGS = YES;
				MTL_ENABLE_DEBUG_INFO = INCLUDE_SOURCE;
				MTL_FAST_MATH = YES;
				ONLY_ACTIVE_ARCH = YES;
				SDKROOT = iphoneos;
				SWIFT_ACTIVE_COMPILATION_CONDITIONS = "DEBUG $(inherited)";
				SWIFT_OPTIMIZATION_LEVEL = "-Onone";
			};
			name = Debug;
		};
		6C86A7272C57AF6B00532DDF /* Release */ = {
			isa = XCBuildConfiguration;
			buildSettings = {
				ALWAYS_SEARCH_USER_PATHS = NO;
				ASSETCATALOG_COMPILER_GENERATE_SWIFT_ASSET_SYMBOL_EXTENSIONS = YES;
				CLANG_ANALYZER_NONNULL = YES;
				CLANG_ANALYZER_NUMBER_OBJECT_CONVERSION = YES_AGGRESSIVE;
				CLANG_CXX_LANGUAGE_STANDARD = "gnu++20";
				CLANG_ENABLE_MODULES = YES;
				CLANG_ENABLE_OBJC_ARC = YES;
				CLANG_ENABLE_OBJC_WEAK = YES;
				CLANG_WARN_BLOCK_CAPTURE_AUTORELEASING = YES;
				CLANG_WARN_BOOL_CONVERSION = YES;
				CLANG_WARN_COMMA = YES;
				CLANG_WARN_CONSTANT_CONVERSION = YES;
				CLANG_WARN_DEPRECATED_OBJC_IMPLEMENTATIONS = YES;
				CLANG_WARN_DIRECT_OBJC_ISA_USAGE = YES_ERROR;
				CLANG_WARN_DOCUMENTATION_COMMENTS = YES;
				CLANG_WARN_EMPTY_BODY = YES;
				CLANG_WARN_ENUM_CONVERSION = YES;
				CLANG_WARN_INFINITE_RECURSION = YES;
				CLANG_WARN_INT_CONVERSION = YES;
				CLANG_WARN_NON_LITERAL_NULL_CONVERSION = YES;
				CLANG_WARN_OBJC_IMPLICIT_RETAIN_SELF = YES;
				CLANG_WARN_OBJC_LITERAL_CONVERSION = YES;
				CLANG_WARN_OBJC_ROOT_CLASS = YES_ERROR;
				CLANG_WARN_QUOTED_INCLUDE_IN_FRAMEWORK_HEADER = YES;
				CLANG_WARN_RANGE_LOOP_ANALYSIS = YES;
				CLANG_WARN_STRICT_PROTOTYPES = YES;
				CLANG_WARN_SUSPICIOUS_MOVE = YES;
				CLANG_WARN_UNGUARDED_AVAILABILITY = YES_AGGRESSIVE;
				CLANG_WARN_UNREACHABLE_CODE = YES;
				CLANG_WARN__DUPLICATE_METHOD_MATCH = YES;
				COPY_PHASE_STRIP = NO;
				DEBUG_INFORMATION_FORMAT = "dwarf-with-dsym";
				ENABLE_NS_ASSERTIONS = NO;
				ENABLE_STRICT_OBJC_MSGSEND = YES;
				ENABLE_USER_SCRIPT_SANDBOXING = YES;
				GCC_C_LANGUAGE_STANDARD = gnu17;
				GCC_NO_COMMON_BLOCKS = YES;
				GCC_WARN_64_TO_32_BIT_CONVERSION = YES;
				GCC_WARN_ABOUT_RETURN_TYPE = YES_ERROR;
				GCC_WARN_UNDECLARED_SELECTOR = YES;
				GCC_WARN_UNINITIALIZED_AUTOS = YES_AGGRESSIVE;
				GCC_WARN_UNUSED_FUNCTION = YES;
				GCC_WARN_UNUSED_VARIABLE = YES;
				IPHONEOS_DEPLOYMENT_TARGET = 17.5;
				LOCALIZATION_PREFERS_STRING_CATALOGS = YES;
				MTL_ENABLE_DEBUG_INFO = NO;
				MTL_FAST_MATH = YES;
				SDKROOT = iphoneos;
				SWIFT_COMPILATION_MODE = wholemodule;
				VALIDATE_PRODUCT = YES;
			};
			name = Release;
		};
		6C86A7292C57AF6B00532DDF /* Debug */ = {
			isa = XCBuildConfiguration;
			buildSettings = {
				ASSETCATALOG_COMPILER_APPICON_NAME = AppIcon;
				ASSETCATALOG_COMPILER_GLOBAL_ACCENT_COLOR_NAME = AccentColor;
				CODE_SIGN_STYLE = Automatic;
				CURRENT_PROJECT_VERSION = 1;
				GENERATE_INFOPLIST_FILE = YES;
				INFOPLIST_FILE = "Horoscope-iOS/Info.plist";
				INFOPLIST_KEY_UIApplicationSupportsIndirectInputEvents = YES;
				INFOPLIST_KEY_UILaunchStoryboardName = LaunchScreen;
				INFOPLIST_KEY_UIMainStoryboardFile = Main;
				INFOPLIST_KEY_UISupportedInterfaceOrientations_iPad = "UIInterfaceOrientationPortrait UIInterfaceOrientationPortraitUpsideDown UIInterfaceOrientationLandscapeLeft UIInterfaceOrientationLandscapeRight";
				INFOPLIST_KEY_UISupportedInterfaceOrientations_iPhone = "UIInterfaceOrientationPortrait UIInterfaceOrientationLandscapeLeft UIInterfaceOrientationLandscapeRight";
				LD_RUNPATH_SEARCH_PATHS = (
					"$(inherited)",
					"@executable_path/Frameworks",
				);
				MARKETING_VERSION = 1.0;
				PRODUCT_BUNDLE_IDENTIFIER = "com.example.Horoscope-iOS";
				PRODUCT_NAME = "$(TARGET_NAME)";
				SWIFT_EMIT_LOC_STRINGS = YES;
				SWIFT_VERSION = 5.0;
				TARGETED_DEVICE_FAMILY = "1,2";
			};
			name = Debug;
		};
		6C86A72A2C57AF6B00532DDF /* Release */ = {
			isa = XCBuildConfiguration;
			buildSettings = {
				ASSETCATALOG_COMPILER_APPICON_NAME = AppIcon;
				ASSETCATALOG_COMPILER_GLOBAL_ACCENT_COLOR_NAME = AccentColor;
				CODE_SIGN_STYLE = Automatic;
				CURRENT_PROJECT_VERSION = 1;
				GENERATE_INFOPLIST_FILE = YES;
				INFOPLIST_FILE = "Horoscope-iOS/Info.plist";
				INFOPLIST_KEY_UIApplicationSupportsIndirectInputEvents = YES;
				INFOPLIST_KEY_UILaunchStoryboardName = LaunchScreen;
				INFOPLIST_KEY_UIMainStoryboardFile = Main;
				INFOPLIST_KEY_UISupportedInterfaceOrientations_iPad = "UIInterfaceOrientationPortrait UIInterfaceOrientationPortraitUpsideDown UIInterfaceOrientationLandscapeLeft UIInterfaceOrientationLandscapeRight";
				INFOPLIST_KEY_UISupportedInterfaceOrientations_iPhone = "UIInterfaceOrientationPortrait UIInterfaceOrientationLandscapeLeft UIInterfaceOrientationLandscapeRight";
				LD_RUNPATH_SEARCH_PATHS = (
					"$(inherited)",
					"@executable_path/Frameworks",
				);
				MARKETING_VERSION = 1.0;
				PRODUCT_BUNDLE_IDENTIFIER = "com.example.Horoscope-iOS";
				PRODUCT_NAME = "$(TARGET_NAME)";
				SWIFT_EMIT_LOC_STRINGS = YES;
				SWIFT_VERSION = 5.0;
				TARGETED_DEVICE_FAMILY = "1,2";
			};
			name = Release;
		};
/* End XCBuildConfiguration section */

/* Begin XCConfigurationList section */
		6C86A70F2C57AF6800532DDF /* Build configuration list for PBXProject "Horoscope-iOS" */ = {
			isa = XCConfigurationList;
			buildConfigurations = (
				6C86A7262C57AF6B00532DDF /* Debug */,
				6C86A7272C57AF6B00532DDF /* Release */,
			);
			defaultConfigurationIsVisible = 0;
			defaultConfigurationName = Release;
		};
		6C86A7282C57AF6B00532DDF /* Build configuration list for PBXNativeTarget "Horoscope-iOS" */ = {
			isa = XCConfigurationList;
			buildConfigurations = (
				6C86A7292C57AF6B00532DDF /* Debug */,
				6C86A72A2C57AF6B00532DDF /* Release */,
			);
			defaultConfigurationIsVisible = 0;
			defaultConfigurationName = Release;
		};
/* End XCConfigurationList section */
	};
	rootObject = 6C86A70C2C57AF6800532DDF /* Project object */;
}
